// !$*UTF8*$!
{
	archiveVersion = 1;
	classes = {
	};
	objectVersion = 48;
	objects = {

/* Begin PBXBuildFile section */
		F65BB24220330B59004B04DC /* AppDelegate.swift in Sources */ = {isa = PBXBuildFile; fileRef = F65BB24120330B59004B04DC /* AppDelegate.swift */; };
		F65BB24420330B59004B04DC /* ViewController.swift in Sources */ = {isa = PBXBuildFile; fileRef = F65BB24320330B59004B04DC /* ViewController.swift */; };
		F65BB24720330B59004B04DC /* Main.storyboard in Resources */ = {isa = PBXBuildFile; fileRef = F65BB24520330B59004B04DC /* Main.storyboard */; };
		F65BB24920330B59004B04DC /* Assets.xcassets in Resources */ = {isa = PBXBuildFile; fileRef = F65BB24820330B59004B04DC /* Assets.xcassets */; };
		F65BB24C20330B59004B04DC /* LaunchScreen.storyboard in Resources */ = {isa = PBXBuildFile; fileRef = F65BB24A20330B59004B04DC /* LaunchScreen.storyboard */; };
		F65BB25720330B5A004B04DC /* SatelliteStoreSwiftTests.swift in Sources */ = {isa = PBXBuildFile; fileRef = F65BB25620330B5A004B04DC /* SatelliteStoreSwiftTests.swift */; };
		F65BB26220330B5A004B04DC /* SatelliteStoreSwiftUITests.swift in Sources */ = {isa = PBXBuildFile; fileRef = F65BB26120330B5A004B04DC /* SatelliteStoreSwiftUITests.swift */; };
/* End PBXBuildFile section */

/* Begin PBXContainerItemProxy section */
		F65BB25320330B5A004B04DC /* PBXContainerItemProxy */ = {
			isa = PBXContainerItemProxy;
			containerPortal = F65BB23620330B59004B04DC /* Project object */;
			proxyType = 1;
			remoteGlobalIDString = F65BB23D20330B59004B04DC;
			remoteInfo = SatelliteStoreSwift;
		};
		F65BB25E20330B5A004B04DC /* PBXContainerItemProxy */ = {
			isa = PBXContainerItemProxy;
			containerPortal = F65BB23620330B59004B04DC /* Project object */;
			proxyType = 1;
			remoteGlobalIDString = F65BB23D20330B59004B04DC;
			remoteInfo = SatelliteStoreSwift;
		};
/* End PBXContainerItemProxy section */

/* Begin PBXFileReference section */
		F65BB23E20330B59004B04DC /* SatelliteStoreSwift.app */ = {isa = PBXFileReference; explicitFileType = wrapper.application; includeInIndex = 0; path = SatelliteStoreSwift.app; sourceTree = BUILT_PRODUCTS_DIR; };
		F65BB24120330B59004B04DC /* AppDelegate.swift */ = {isa = PBXFileReference; lastKnownFileType = sourcecode.swift; path = AppDelegate.swift; sourceTree = "<group>"; };
		F65BB24320330B59004B04DC /* ViewController.swift */ = {isa = PBXFileReference; lastKnownFileType = sourcecode.swift; path = ViewController.swift; sourceTree = "<group>"; };
		F65BB24620330B59004B04DC /* Base */ = {isa = PBXFileReference; lastKnownFileType = file.storyboard; name = Base; path = Base.lproj/Main.storyboard; sourceTree = "<group>"; };
		F65BB24820330B59004B04DC /* Assets.xcassets */ = {isa = PBXFileReference; lastKnownFileType = folder.assetcatalog; path = Assets.xcassets; sourceTree = "<group>"; };
		F65BB24B20330B59004B04DC /* Base */ = {isa = PBXFileReference; lastKnownFileType = file.storyboard; name = Base; path = Base.lproj/LaunchScreen.storyboard; sourceTree = "<group>"; };
		F65BB24D20330B59004B04DC /* Info.plist */ = {isa = PBXFileReference; lastKnownFileType = text.plist.xml; path = Info.plist; sourceTree = "<group>"; };
		F65BB25220330B5A004B04DC /* SatelliteStoreSwiftTests.xctest */ = {isa = PBXFileReference; explicitFileType = wrapper.cfbundle; includeInIndex = 0; path = SatelliteStoreSwiftTests.xctest; sourceTree = BUILT_PRODUCTS_DIR; };
		F65BB25620330B5A004B04DC /* SatelliteStoreSwiftTests.swift */ = {isa = PBXFileReference; lastKnownFileType = sourcecode.swift; path = SatelliteStoreSwiftTests.swift; sourceTree = "<group>"; };
		F65BB25820330B5A004B04DC /* Info.plist */ = {isa = PBXFileReference; lastKnownFileType = text.plist.xml; path = Info.plist; sourceTree = "<group>"; };
		F65BB25D20330B5A004B04DC /* SatelliteStoreSwiftUITests.xctest */ = {isa = PBXFileReference; explicitFileType = wrapper.cfbundle; includeInIndex = 0; path = SatelliteStoreSwiftUITests.xctest; sourceTree = BUILT_PRODUCTS_DIR; };
		F65BB26120330B5A004B04DC /* SatelliteStoreSwiftUITests.swift */ = {isa = PBXFileReference; lastKnownFileType = sourcecode.swift; path = SatelliteStoreSwiftUITests.swift; sourceTree = "<group>"; };
		F65BB26320330B5A004B04DC /* Info.plist */ = {isa = PBXFileReference; lastKnownFileType = text.plist.xml; path = Info.plist; sourceTree = "<group>"; };
/* End PBXFileReference section */

/* Begin PBXFrameworksBuildPhase section */
		F65BB23B20330B59004B04DC /* Frameworks */ = {
			isa = PBXFrameworksBuildPhase;
			buildActionMask = 2147483647;
			files = (
			);
			runOnlyForDeploymentPostprocessing = 0;
		};
		F65BB24F20330B5A004B04DC /* Frameworks */ = {
			isa = PBXFrameworksBuildPhase;
			buildActionMask = 2147483647;
			files = (
			);
			runOnlyForDeploymentPostprocessing = 0;
		};
		F65BB25A20330B5A004B04DC /* Frameworks */ = {
			isa = PBXFrameworksBuildPhase;
			buildActionMask = 2147483647;
			files = (
			);
			runOnlyForDeploymentPostprocessing = 0;
		};
/* End PBXFrameworksBuildPhase section */

/* Begin PBXGroup section */
		F65BB23520330B59004B04DC = {
			isa = PBXGroup;
			children = (
				F65BB24020330B59004B04DC /* SatelliteStoreSwift */,
				F65BB25520330B5A004B04DC /* SatelliteStoreSwiftTests */,
				F65BB26020330B5A004B04DC /* SatelliteStoreSwiftUITests */,
				F65BB23F20330B59004B04DC /* Products */,
			);
			sourceTree = "<group>";
		};
		F65BB23F20330B59004B04DC /* Products */ = {
			isa = PBXGroup;
			children = (
				F65BB23E20330B59004B04DC /* SatelliteStoreSwift.app */,
				F65BB25220330B5A004B04DC /* SatelliteStoreSwiftTests.xctest */,
				F65BB25D20330B5A004B04DC /* SatelliteStoreSwiftUITests.xctest */,
			);
			name = Products;
			sourceTree = "<group>";
		};
		F65BB24020330B59004B04DC /* SatelliteStoreSwift */ = {
			isa = PBXGroup;
			children = (
				F65BB24120330B59004B04DC /* AppDelegate.swift */,
				F65BB24320330B59004B04DC /* ViewController.swift */,
				F65BB24520330B59004B04DC /* Main.storyboard */,
				F65BB24820330B59004B04DC /* Assets.xcassets */,
				F65BB24A20330B59004B04DC /* LaunchScreen.storyboard */,
				F65BB24D20330B59004B04DC /* Info.plist */,
			);
			path = SatelliteStoreSwift;
			sourceTree = "<group>";
		};
		F65BB25520330B5A004B04DC /* SatelliteStoreSwiftTests */ = {
			isa = PBXGroup;
			children = (
				F65BB25620330B5A004B04DC /* SatelliteStoreSwiftTests.swift */,
				F65BB25820330B5A004B04DC /* Info.plist */,
			);
			path = SatelliteStoreSwiftTests;
			sourceTree = "<group>";
		};
		F65BB26020330B5A004B04DC /* SatelliteStoreSwiftUITests */ = {
			isa = PBXGroup;
			children = (
				F65BB26120330B5A004B04DC /* SatelliteStoreSwiftUITests.swift */,
				F65BB26320330B5A004B04DC /* Info.plist */,
			);
			path = SatelliteStoreSwiftUITests;
			sourceTree = "<group>";
		};
/* End PBXGroup section */

/* Begin PBXNativeTarget section */
		F65BB23D20330B59004B04DC /* SatelliteStoreSwift */ = {
			isa = PBXNativeTarget;
			buildConfigurationList = F65BB26620330B5A004B04DC /* Build configuration list for PBXNativeTarget "SatelliteStoreSwift" */;
			buildPhases = (
				F65BB23A20330B59004B04DC /* Sources */,
				F65BB23B20330B59004B04DC /* Frameworks */,
				F65BB23C20330B59004B04DC /* Resources */,
			);
			buildRules = (
			);
			dependencies = (
			);
			name = SatelliteStoreSwift;
			productName = SatelliteStoreSwift;
			productReference = F65BB23E20330B59004B04DC /* SatelliteStoreSwift.app */;
			productType = "com.apple.product-type.application";
		};
		F65BB25120330B5A004B04DC /* SatelliteStoreSwiftTests */ = {
			isa = PBXNativeTarget;
			buildConfigurationList = F65BB26920330B5A004B04DC /* Build configuration list for PBXNativeTarget "SatelliteStoreSwiftTests" */;
			buildPhases = (
				F65BB24E20330B5A004B04DC /* Sources */,
				F65BB24F20330B5A004B04DC /* Frameworks */,
				F65BB25020330B5A004B04DC /* Resources */,
			);
			buildRules = (
			);
			dependencies = (
				F65BB25420330B5A004B04DC /* PBXTargetDependency */,
			);
			name = SatelliteStoreSwiftTests;
			productName = SatelliteStoreSwiftTests;
			productReference = F65BB25220330B5A004B04DC /* SatelliteStoreSwiftTests.xctest */;
			productType = "com.apple.product-type.bundle.unit-test";
		};
		F65BB25C20330B5A004B04DC /* SatelliteStoreSwiftUITests */ = {
			isa = PBXNativeTarget;
			buildConfigurationList = F65BB26C20330B5A004B04DC /* Build configuration list for PBXNativeTarget "SatelliteStoreSwiftUITests" */;
			buildPhases = (
				F65BB25920330B5A004B04DC /* Sources */,
				F65BB25A20330B5A004B04DC /* Frameworks */,
				F65BB25B20330B5A004B04DC /* Resources */,
			);
			buildRules = (
			);
			dependencies = (
				F65BB25F20330B5A004B04DC /* PBXTargetDependency */,
			);
			name = SatelliteStoreSwiftUITests;
			productName = SatelliteStoreSwiftUITests;
			productReference = F65BB25D20330B5A004B04DC /* SatelliteStoreSwiftUITests.xctest */;
			productType = "com.apple.product-type.bundle.ui-testing";
		};
/* End PBXNativeTarget section */

/* Begin PBXProject section */
		F65BB23620330B59004B04DC /* Project object */ = {
			isa = PBXProject;
			attributes = {
				LastSwiftUpdateCheck = 0920;
				LastUpgradeCheck = 0920;
				ORGANIZATIONNAME = "Daniyar Salakhutdinov";
				TargetAttributes = {
					F65BB23D20330B59004B04DC = {
						CreatedOnToolsVersion = 9.2;
						ProvisioningStyle = Automatic;
					};
					F65BB25120330B5A004B04DC = {
						CreatedOnToolsVersion = 9.2;
						ProvisioningStyle = Automatic;
						TestTargetID = F65BB23D20330B59004B04DC;
					};
					F65BB25C20330B5A004B04DC = {
						CreatedOnToolsVersion = 9.2;
						ProvisioningStyle = Automatic;
						TestTargetID = F65BB23D20330B59004B04DC;
					};
				};
			};
			buildConfigurationList = F65BB23920330B59004B04DC /* Build configuration list for PBXProject "SatelliteStoreSwift" */;
			compatibilityVersion = "Xcode 8.0";
			developmentRegion = en;
			hasScannedForEncodings = 0;
			knownRegions = (
				en,
				Base,
			);
			mainGroup = F65BB23520330B59004B04DC;
			productRefGroup = F65BB23F20330B59004B04DC /* Products */;
			projectDirPath = "";
			projectRoot = "";
			targets = (
				F65BB23D20330B59004B04DC /* SatelliteStoreSwift */,
				F65BB25120330B5A004B04DC /* SatelliteStoreSwiftTests */,
				F65BB25C20330B5A004B04DC /* SatelliteStoreSwiftUITests */,
			);
		};
/* End PBXProject section */

/* Begin PBXResourcesBuildPhase section */
		F65BB23C20330B59004B04DC /* Resources */ = {
			isa = PBXResourcesBuildPhase;
			buildActionMask = 2147483647;
			files = (
				F65BB24C20330B59004B04DC /* LaunchScreen.storyboard in Resources */,
				F65BB24920330B59004B04DC /* Assets.xcassets in Resources */,
				F65BB24720330B59004B04DC /* Main.storyboard in Resources */,
			);
			runOnlyForDeploymentPostprocessing = 0;
		};
		F65BB25020330B5A004B04DC /* Resources */ = {
			isa = PBXResourcesBuildPhase;
			buildActionMask = 2147483647;
			files = (
			);
			runOnlyForDeploymentPostprocessing = 0;
		};
		F65BB25B20330B5A004B04DC /* Resources */ = {
			isa = PBXResourcesBuildPhase;
			buildActionMask = 2147483647;
			files = (
			);
			runOnlyForDeploymentPostprocessing = 0;
		};
/* End PBXResourcesBuildPhase section */

/* Begin PBXSourcesBuildPhase section */
		F65BB23A20330B59004B04DC /* Sources */ = {
			isa = PBXSourcesBuildPhase;
			buildActionMask = 2147483647;
			files = (
				F65BB24420330B59004B04DC /* ViewController.swift in Sources */,
				F65BB24220330B59004B04DC /* AppDelegate.swift in Sources */,
			);
			runOnlyForDeploymentPostprocessing = 0;
		};
		F65BB24E20330B5A004B04DC /* Sources */ = {
			isa = PBXSourcesBuildPhase;
			buildActionMask = 2147483647;
			files = (
				F65BB25720330B5A004B04DC /* SatelliteStoreSwiftTests.swift in Sources */,
			);
			runOnlyForDeploymentPostprocessing = 0;
		};
		F65BB25920330B5A004B04DC /* Sources */ = {
			isa = PBXSourcesBuildPhase;
			buildActionMask = 2147483647;
			files = (
				F65BB26220330B5A004B04DC /* SatelliteStoreSwiftUITests.swift in Sources */,
			);
			runOnlyForDeploymentPostprocessing = 0;
		};
/* End PBXSourcesBuildPhase section */

/* Begin PBXTargetDependency section */
		F65BB25420330B5A004B04DC /* PBXTargetDependency */ = {
			isa = PBXTargetDependency;
			target = F65BB23D20330B59004B04DC /* SatelliteStoreSwift */;
			targetProxy = F65BB25320330B5A004B04DC /* PBXContainerItemProxy */;
		};
		F65BB25F20330B5A004B04DC /* PBXTargetDependency */ = {
			isa = PBXTargetDependency;
			target = F65BB23D20330B59004B04DC /* SatelliteStoreSwift */;
			targetProxy = F65BB25E20330B5A004B04DC /* PBXContainerItemProxy */;
		};
/* End PBXTargetDependency section */

/* Begin PBXVariantGroup section */
		F65BB24520330B59004B04DC /* Main.storyboard */ = {
			isa = PBXVariantGroup;
			children = (
				F65BB24620330B59004B04DC /* Base */,
			);
			name = Main.storyboard;
			sourceTree = "<group>";
		};
		F65BB24A20330B59004B04DC /* LaunchScreen.storyboard */ = {
			isa = PBXVariantGroup;
			children = (
				F65BB24B20330B59004B04DC /* Base */,
			);
			name = LaunchScreen.storyboard;
			sourceTree = "<group>";
		};
/* End PBXVariantGroup section */

/* Begin XCBuildConfiguration section */
		F65BB26420330B5A004B04DC /* Debug */ = {
			isa = XCBuildConfiguration;
			buildSettings = {
				ALWAYS_SEARCH_USER_PATHS = NO;
				CLANG_ANALYZER_NONNULL = YES;
				CLANG_ANALYZER_NUMBER_OBJECT_CONVERSION = YES_AGGRESSIVE;
				CLANG_CXX_LANGUAGE_STANDARD = "gnu++14";
				CLANG_CXX_LIBRARY = "libc++";
				CLANG_ENABLE_MODULES = YES;
				CLANG_ENABLE_OBJC_ARC = YES;
				CLANG_WARN_BLOCK_CAPTURE_AUTORELEASING = YES;
				CLANG_WARN_BOOL_CONVERSION = YES;
				CLANG_WARN_COMMA = YES;
				CLANG_WARN_CONSTANT_CONVERSION = YES;
				CLANG_WARN_DIRECT_OBJC_ISA_USAGE = YES_ERROR;
				CLANG_WARN_DOCUMENTATION_COMMENTS = YES;
				CLANG_WARN_EMPTY_BODY = YES;
				CLANG_WARN_ENUM_CONVERSION = YES;
				CLANG_WARN_INFINITE_RECURSION = YES;
				CLANG_WARN_INT_CONVERSION = YES;
				CLANG_WARN_NON_LITERAL_NULL_CONVERSION = YES;
				CLANG_WARN_OBJC_LITERAL_CONVERSION = YES;
				CLANG_WARN_OBJC_ROOT_CLASS = YES_ERROR;
				CLANG_WARN_RANGE_LOOP_ANALYSIS = YES;
				CLANG_WARN_STRICT_PROTOTYPES = YES;
				CLANG_WARN_SUSPICIOUS_MOVE = YES;
				CLANG_WARN_UNGUARDED_AVAILABILITY = YES_AGGRESSIVE;
				CLANG_WARN_UNREACHABLE_CODE = YES;
				CLANG_WARN__DUPLICATE_METHOD_MATCH = YES;
				CODE_SIGN_IDENTITY = "iPhone Developer";
				COPY_PHASE_STRIP = NO;
				DEBUG_INFORMATION_FORMAT = dwarf;
				ENABLE_STRICT_OBJC_MSGSEND = YES;
				ENABLE_TESTABILITY = YES;
				GCC_C_LANGUAGE_STANDARD = gnu11;
				GCC_DYNAMIC_NO_PIC = NO;
				GCC_NO_COMMON_BLOCKS = YES;
				GCC_OPTIMIZATION_LEVEL = 0;
				GCC_PREPROCESSOR_DEFINITIONS = (
					"DEBUG=1",
					"$(inherited)",
				);
				GCC_WARN_64_TO_32_BIT_CONVERSION = YES;
				GCC_WARN_ABOUT_RETURN_TYPE = YES_ERROR;
				GCC_WARN_UNDECLARED_SELECTOR = YES;
				GCC_WARN_UNINITIALIZED_AUTOS = YES_AGGRESSIVE;
				GCC_WARN_UNUSED_FUNCTION = YES;
				GCC_WARN_UNUSED_VARIABLE = YES;
				IPHONEOS_DEPLOYMENT_TARGET = 11.2;
				MTL_ENABLE_DEBUG_INFO = YES;
				ONLY_ACTIVE_ARCH = YES;
				SDKROOT = iphoneos;
				SWIFT_ACTIVE_COMPILATION_CONDITIONS = DEBUG;
				SWIFT_OPTIMIZATION_LEVEL = "-Onone";
			};
			name = Debug;
		};
		F65BB26520330B5A004B04DC /* Release */ = {
			isa = XCBuildConfiguration;
			buildSettings = {
				ALWAYS_SEARCH_USER_PATHS = NO;
				CLANG_ANALYZER_NONNULL = YES;
				CLANG_ANALYZER_NUMBER_OBJECT_CONVERSION = YES_AGGRESSIVE;
				CLANG_CXX_LANGUAGE_STANDARD = "gnu++14";
				CLANG_CXX_LIBRARY = "libc++";
				CLANG_ENABLE_MODULES = YES;
				CLANG_ENABLE_OBJC_ARC = YES;
				CLANG_WARN_BLOCK_CAPTURE_AUTORELEASING = YES;
				CLANG_WARN_BOOL_CONVERSION = YES;
				CLANG_WARN_COMMA = YES;
				CLANG_WARN_CONSTANT_CONVERSION = YES;
				CLANG_WARN_DIRECT_OBJC_ISA_USAGE = YES_ERROR;
				CLANG_WARN_DOCUMENTATION_COMMENTS = YES;
				CLANG_WARN_EMPTY_BODY = YES;
				CLANG_WARN_ENUM_CONVERSION = YES;
				CLANG_WARN_INFINITE_RECURSION = YES;
				CLANG_WARN_INT_CONVERSION = YES;
				CLANG_WARN_NON_LITERAL_NULL_CONVERSION = YES;
				CLANG_WARN_OBJC_LITERAL_CONVERSION = YES;
				CLANG_WARN_OBJC_ROOT_CLASS = YES_ERROR;
				CLANG_WARN_RANGE_LOOP_ANALYSIS = YES;
				CLANG_WARN_STRICT_PROTOTYPES = YES;
				CLANG_WARN_SUSPICIOUS_MOVE = YES;
				CLANG_WARN_UNGUARDED_AVAILABILITY = YES_AGGRESSIVE;
				CLANG_WARN_UNREACHABLE_CODE = YES;
				CLANG_WARN__DUPLICATE_METHOD_MATCH = YES;
				CODE_SIGN_IDENTITY = "iPhone Developer";
				COPY_PHASE_STRIP = NO;
				DEBUG_INFORMATION_FORMAT = "dwarf-with-dsym";
				ENABLE_NS_ASSERTIONS = NO;
				ENABLE_STRICT_OBJC_MSGSEND = YES;
				GCC_C_LANGUAGE_STANDARD = gnu11;
				GCC_NO_COMMON_BLOCKS = YES;
				GCC_WARN_64_TO_32_BIT_CONVERSION = YES;
				GCC_WARN_ABOUT_RETURN_TYPE = YES_ERROR;
				GCC_WARN_UNDECLARED_SELECTOR = YES;
				GCC_WARN_UNINITIALIZED_AUTOS = YES_AGGRESSIVE;
				GCC_WARN_UNUSED_FUNCTION = YES;
				GCC_WARN_UNUSED_VARIABLE = YES;
				IPHONEOS_DEPLOYMENT_TARGET = 11.2;
				MTL_ENABLE_DEBUG_INFO = NO;
				SDKROOT = iphoneos;
				SWIFT_OPTIMIZATION_LEVEL = "-Owholemodule";
				VALIDATE_PRODUCT = YES;
			};
			name = Release;
		};
		F65BB26720330B5A004B04DC /* Debug */ = {
			isa = XCBuildConfiguration;
			buildSettings = {
				ASSETCATALOG_COMPILER_APPICON_NAME = AppIcon;
				CODE_SIGN_STYLE = Automatic;
				DEVELOPMENT_TEAM = 23888ET568;
				INFOPLIST_FILE = SatelliteStoreSwift/Info.plist;
				LD_RUNPATH_SEARCH_PATHS = "$(inherited) @executable_path/Frameworks";
				PRODUCT_BUNDLE_IDENTIFIER = sdanny.SatelliteStoreSwift;
				PRODUCT_NAME = "$(TARGET_NAME)";
				SWIFT_VERSION = 4.0;
				TARGETED_DEVICE_FAMILY = "1,2";
			};
			name = Debug;
		};
		F65BB26820330B5A004B04DC /* Release */ = {
			isa = XCBuildConfiguration;
			buildSettings = {
				ASSETCATALOG_COMPILER_APPICON_NAME = AppIcon;
				CODE_SIGN_STYLE = Automatic;
				DEVELOPMENT_TEAM = 23888ET568;
				INFOPLIST_FILE = SatelliteStoreSwift/Info.plist;
				LD_RUNPATH_SEARCH_PATHS = "$(inherited) @executable_path/Frameworks";
				PRODUCT_BUNDLE_IDENTIFIER = sdanny.SatelliteStoreSwift;
				PRODUCT_NAME = "$(TARGET_NAME)";
				SWIFT_VERSION = 4.0;
				TARGETED_DEVICE_FAMILY = "1,2";
			};
			name = Release;
		};
		F65BB26A20330B5A004B04DC /* Debug */ = {
			isa = XCBuildConfiguration;
			buildSettings = {
				ALWAYS_EMBED_SWIFT_STANDARD_LIBRARIES = YES;
				BUNDLE_LOADER = "$(TEST_HOST)";
				CODE_SIGN_STYLE = Automatic;
				DEVELOPMENT_TEAM = 23888ET568;
				INFOPLIST_FILE = SatelliteStoreSwiftTests/Info.plist;
				LD_RUNPATH_SEARCH_PATHS = "$(inherited) @executable_path/Frameworks @loader_path/Frameworks";
				PRODUCT_BUNDLE_IDENTIFIER = sdanny.SatelliteStoreSwiftTests;
				PRODUCT_NAME = "$(TARGET_NAME)";
				SWIFT_VERSION = 4.0;
				TARGETED_DEVICE_FAMILY = "1,2";
				TEST_HOST = "$(BUILT_PRODUCTS_DIR)/SatelliteStoreSwift.app/SatelliteStoreSwift";
			};
			name = Debug;
		};
		F65BB26B20330B5A004B04DC /* Release */ = {
			isa = XCBuildConfiguration;
			buildSettings = {
				ALWAYS_EMBED_SWIFT_STANDARD_LIBRARIES = YES;
				BUNDLE_LOADER = "$(TEST_HOST)";
				CODE_SIGN_STYLE = Automatic;
				DEVELOPMENT_TEAM = 23888ET568;
				INFOPLIST_FILE = SatelliteStoreSwiftTests/Info.plist;
				LD_RUNPATH_SEARCH_PATHS = "$(inherited) @executable_path/Frameworks @loader_path/Frameworks";
				PRODUCT_BUNDLE_IDENTIFIER = sdanny.SatelliteStoreSwiftTests;
				PRODUCT_NAME = "$(TARGET_NAME)";
				SWIFT_VERSION = 4.0;
				TARGETED_DEVICE_FAMILY = "1,2";
				TEST_HOST = "$(BUILT_PRODUCTS_DIR)/SatelliteStoreSwift.app/SatelliteStoreSwift";
			};
			name = Release;
		};
		F65BB26D20330B5A004B04DC /* Debug */ = {
			isa = XCBuildConfiguration;
			buildSettings = {
				ALWAYS_EMBED_SWIFT_STANDARD_LIBRARIES = YES;
				CODE_SIGN_STYLE = Automatic;
				DEVELOPMENT_TEAM = 23888ET568;
				INFOPLIST_FILE = SatelliteStoreSwiftUITests/Info.plist;
				LD_RUNPATH_SEARCH_PATHS = "$(inherited) @executable_path/Frameworks @loader_path/Frameworks";
				PRODUCT_BUNDLE_IDENTIFIER = sdanny.SatelliteStoreSwiftUITests;
				PRODUCT_NAME = "$(TARGET_NAME)";
				SWIFT_VERSION = 4.0;
				TARGETED_DEVICE_FAMILY = "1,2";
				TEST_TARGET_NAME = SatelliteStoreSwift;
			};
			name = Debug;
		};
		F65BB26E20330B5A004B04DC /* Release */ = {
			isa = XCBuildConfiguration;
			buildSettings = {
				ALWAYS_EMBED_SWIFT_STANDARD_LIBRARIES = YES;
				CODE_SIGN_STYLE = Automatic;
				DEVELOPMENT_TEAM = 23888ET568;
				INFOPLIST_FILE = SatelliteStoreSwiftUITests/Info.plist;
				LD_RUNPATH_SEARCH_PATHS = "$(inherited) @executable_path/Frameworks @loader_path/Frameworks";
				PRODUCT_BUNDLE_IDENTIFIER = sdanny.SatelliteStoreSwiftUITests;
				PRODUCT_NAME = "$(TARGET_NAME)";
				SWIFT_VERSION = 4.0;
				TARGETED_DEVICE_FAMILY = "1,2";
				TEST_TARGET_NAME = SatelliteStoreSwift;
			};
			name = Release;
		};
/* End XCBuildConfiguration section */

/* Begin XCConfigurationList section */
		F65BB23920330B59004B04DC /* Build configuration list for PBXProject "SatelliteStoreSwift" */ = {
			isa = XCConfigurationList;
			buildConfigurations = (
				F65BB26420330B5A004B04DC /* Debug */,
				F65BB26520330B5A004B04DC /* Release */,
			);
			defaultConfigurationIsVisible = 0;
			defaultConfigurationName = Release;
		};
		F65BB26620330B5A004B04DC /* Build configuration list for PBXNativeTarget "SatelliteStoreSwift" */ = {
			isa = XCConfigurationList;
			buildConfigurations = (
				F65BB26720330B5A004B04DC /* Debug */,
				F65BB26820330B5A004B04DC /* Release */,
			);
			defaultConfigurationIsVisible = 0;
			defaultConfigurationName = Release;
		};
		F65BB26920330B5A004B04DC /* Build configuration list for PBXNativeTarget "SatelliteStoreSwiftTests" */ = {
			isa = XCConfigurationList;
			buildConfigurations = (
				F65BB26A20330B5A004B04DC /* Debug */,
				F65BB26B20330B5A004B04DC /* Release */,
			);
			defaultConfigurationIsVisible = 0;
			defaultConfigurationName = Release;
		};
		F65BB26C20330B5A004B04DC /* Build configuration list for PBXNativeTarget "SatelliteStoreSwiftUITests" */ = {
			isa = XCConfigurationList;
			buildConfigurations = (
				F65BB26D20330B5A004B04DC /* Debug */,
				F65BB26E20330B5A004B04DC /* Release */,
			);
			defaultConfigurationIsVisible = 0;
			defaultConfigurationName = Release;
		};
/* End XCConfigurationList section */
	};
	rootObject = F65BB23620330B59004B04DC /* Project object */;
}
